
Microsoft Visual Studio Solution File, Format Version 12.00
# Visual Studio Version 17
VisualStudioVersion = 17.10.34916.146
MinimumVisualStudioVersion = 10.0.40219.1
Project("{FAE04EC0-301F-11D3-BF4B-00C04F79EFBC}") = "sdi_back-end-challenge-1", "sdi_back-end-challenge-1\sdi_back-end-challenge-1.csproj", "{807A8438-25D5-4BED-92EF-BACAED9E4AC8}"
EndProject
Global
	GlobalSection(SolutionConfigurationPlatforms) = preSolution
		Debug|Any CPU = Debug|Any CPU
		Release|Any CPU = Release|Any CPU
	EndGlobalSection
	GlobalSection(ProjectConfigurationPlatforms) = postSolution
		{807A8438-25D5-4BED-92EF-BACAED9E4AC8}.Debug|Any CPU.ActiveCfg = Debug|Any CPU
		{807A8438-25D5-4BED-92EF-BACAED9E4AC8}.Debug|Any CPU.Build.0 = Debug|Any CPU
		{807A8438-25D5-4BED-92EF-BACAED9E4AC8}.Release|Any CPU.ActiveCfg = Release|Any CPU
		{807A8438-25D5-4BED-92EF-BACAED9E4AC8}.Release|Any CPU.Build.0 = Release|Any CPU
	EndGlobalSection
	GlobalSection(SolutionProperties) = preSolution
		HideSolutionNode = FALSE
	EndGlobalSection
	GlobalSection(ExtensibilityGlobals) = postSolution
		SolutionGuid = {089DBEF4-5EBF-45D2-8A32-EFD73385C384}
	EndGlobalSection
EndGlobal
